
Microsoft Visual Studio Solution File, Format Version 12.00
# Visual Studio Version 17
VisualStudioVersion = 17.1.32319.34
MinimumVisualStudioVersion = 10.0.40219.1
Project("{FAE04EC0-301F-11D3-BF4B-00C04F79EFBC}") = "ApiPrueba", "ApiPrueba\ApiPrueba.csproj", "{9673BE17-7441-41F7-B929-5563365D6C21}"
EndProject
Global
	GlobalSection(SolutionConfigurationPlatforms) = preSolution
		Debug|Any CPU = Debug|Any CPU
		Release|Any CPU = Release|Any CPU
	EndGlobalSection
	GlobalSection(ProjectConfigurationPlatforms) = postSolution
		{9673BE17-7441-41F7-B929-5563365D6C21}.Debug|Any CPU.ActiveCfg = Debug|Any CPU
		{9673BE17-7441-41F7-B929-5563365D6C21}.Debug|Any CPU.Build.0 = Debug|Any CPU
		{9673BE17-7441-41F7-B929-5563365D6C21}.Release|Any CPU.ActiveCfg = Release|Any CPU
		{9673BE17-7441-41F7-B929-5563365D6C21}.Release|Any CPU.Build.0 = Release|Any CPU
	EndGlobalSection
	GlobalSection(SolutionProperties) = preSolution
		HideSolutionNode = FALSE
	EndGlobalSection
	GlobalSection(ExtensibilityGlobals) = postSolution
		SolutionGuid = {8AD03113-0273-4D7D-9EDE-262CDF6894F7}
	EndGlobalSection
EndGlobal
